// !$*UTF8*$!
{
	archiveVersion = 1;
	classes = {
	};
	objectVersion = 50;
	objects = {

/* Begin PBXBuildFile section */
		F30CFAA426D251BF00A9A62B /* RecentTrack+Extension.swift in Sources */ = {isa = PBXBuildFile; fileRef = F30CFAA326D251BF00A9A62B /* RecentTrack+Extension.swift */; };
		F30CFAA726D2716900A9A62B /* UserDefaults+Extension.swift in Sources */ = {isa = PBXBuildFile; fileRef = F30CFAA626D2716900A9A62B /* UserDefaults+Extension.swift */; };
		F376900826D2311A008EE2CA /* HomeViewModel.swift in Sources */ = {isa = PBXBuildFile; fileRef = F376900726D2311A008EE2CA /* HomeViewModel.swift */; };
		F376900A26D23B4B008EE2CA /* TrackDetailView.swift in Sources */ = {isa = PBXBuildFile; fileRef = F376900926D23B4B008EE2CA /* TrackDetailView.swift */; };
		F376900C26D2404F008EE2CA /* TrackDetailViewModel.swift in Sources */ = {isa = PBXBuildFile; fileRef = F376900B26D2404F008EE2CA /* TrackDetailViewModel.swift */; };
		F394086526D12931002B945C /* ContentSectionView.swift in Sources */ = {isa = PBXBuildFile; fileRef = F394086426D12931002B945C /* ContentSectionView.swift */; };
		F394086726D13E20002B945C /* ContentSection.swift in Sources */ = {isa = PBXBuildFile; fileRef = F394086626D13E20002B945C /* ContentSection.swift */; };
		F3A5A21226D0E9D90078457F /* iTunesStoreApp.swift in Sources */ = {isa = PBXBuildFile; fileRef = F3A5A21126D0E9D90078457F /* iTunesStoreApp.swift */; };
		F3A5A21626D0E9DA0078457F /* Assets.xcassets in Resources */ = {isa = PBXBuildFile; fileRef = F3A5A21526D0E9DA0078457F /* Assets.xcassets */; };
		F3A5A21926D0E9DA0078457F /* Preview Assets.xcassets in Resources */ = {isa = PBXBuildFile; fileRef = F3A5A21826D0E9DA0078457F /* Preview Assets.xcassets */; };
		F3A5A21B26D0E9DA0078457F /* Persistence.swift in Sources */ = {isa = PBXBuildFile; fileRef = F3A5A21A26D0E9DA0078457F /* Persistence.swift */; };
		F3A5A21E26D0E9DA0078457F /* iTunesStore.xcdatamodeld in Sources */ = {isa = PBXBuildFile; fileRef = F3A5A21C26D0E9DA0078457F /* iTunesStore.xcdatamodeld */; };
		F3A5A23126D0EC5A0078457F /* AsyncImage.swift in Sources */ = {isa = PBXBuildFile; fileRef = F3A5A22D26D0EC5A0078457F /* AsyncImage.swift */; };
		F3A5A23226D0EC5A0078457F /* ImageCache.swift in Sources */ = {isa = PBXBuildFile; fileRef = F3A5A22E26D0EC5A0078457F /* ImageCache.swift */; };
		F3A5A23326D0EC5A0078457F /* EnvironmentValues+ImageCache.swift in Sources */ = {isa = PBXBuildFile; fileRef = F3A5A22F26D0EC5A0078457F /* EnvironmentValues+ImageCache.swift */; };
		F3A5A23426D0EC5A0078457F /* ImageLoader.swift in Sources */ = {isa = PBXBuildFile; fileRef = F3A5A23026D0EC5A0078457F /* ImageLoader.swift */; };
		F3A5A23726D0EC800078457F /* HomeView.swift in Sources */ = {isa = PBXBuildFile; fileRef = F3A5A23626D0EC800078457F /* HomeView.swift */; };
		F3A5A23A26D0ED5E0078457F /* MediumCarouselContentView.swift in Sources */ = {isa = PBXBuildFile; fileRef = F3A5A23826D0ED5D0078457F /* MediumCarouselContentView.swift */; };
		F3A5A23B26D0ED5E0078457F /* MediumListContentView.swift in Sources */ = {isa = PBXBuildFile; fileRef = F3A5A23926D0ED5D0078457F /* MediumListContentView.swift */; };
		F3A5A23F26D0ED970078457F /* TrackList.swift in Sources */ = {isa = PBXBuildFile; fileRef = F3A5A23E26D0ED970078457F /* TrackList.swift */; };
		F3A5A24226D0F24F0078457F /* DCColor.swift in Sources */ = {isa = PBXBuildFile; fileRef = F3A5A24026D0F24F0078457F /* DCColor.swift */; };
		F3A5A24326D0F24F0078457F /* DCColors.xcassets in Resources */ = {isa = PBXBuildFile; fileRef = F3A5A24126D0F24F0078457F /* DCColors.xcassets */; };
		F3A5A24926D0FC3B0078457F /* APIResource.swift in Sources */ = {isa = PBXBuildFile; fileRef = F3A5A24826D0FC3B0078457F /* APIResource.swift */; };
		F3A5A24B26D0FCC70078457F /* APIClient.swift in Sources */ = {isa = PBXBuildFile; fileRef = F3A5A24A26D0FCC70078457F /* APIClient.swift */; };
		F3A5A24F26D102B20078457F /* MockTrackItems.swift in Sources */ = {isa = PBXBuildFile; fileRef = F3A5A24E26D102B20078457F /* MockTrackItems.swift */; };
/* End PBXBuildFile section */

/* Begin PBXFileReference section */
		F30CFAA326D251BF00A9A62B /* RecentTrack+Extension.swift */ = {isa = PBXFileReference; lastKnownFileType = sourcecode.swift; path = "RecentTrack+Extension.swift"; sourceTree = "<group>"; };
		F30CFAA626D2716900A9A62B /* UserDefaults+Extension.swift */ = {isa = PBXFileReference; lastKnownFileType = sourcecode.swift; path = "UserDefaults+Extension.swift"; sourceTree = "<group>"; };
		F376900726D2311A008EE2CA /* HomeViewModel.swift */ = {isa = PBXFileReference; lastKnownFileType = sourcecode.swift; path = HomeViewModel.swift; sourceTree = "<group>"; };
		F376900926D23B4B008EE2CA /* TrackDetailView.swift */ = {isa = PBXFileReference; lastKnownFileType = sourcecode.swift; path = TrackDetailView.swift; sourceTree = "<group>"; };
		F376900B26D2404F008EE2CA /* TrackDetailViewModel.swift */ = {isa = PBXFileReference; lastKnownFileType = sourcecode.swift; path = TrackDetailViewModel.swift; sourceTree = "<group>"; };
		F394086426D12931002B945C /* ContentSectionView.swift */ = {isa = PBXFileReference; lastKnownFileType = sourcecode.swift; path = ContentSectionView.swift; sourceTree = "<group>"; };
		F394086626D13E20002B945C /* ContentSection.swift */ = {isa = PBXFileReference; lastKnownFileType = sourcecode.swift; path = ContentSection.swift; sourceTree = "<group>"; };
		F3A5A20E26D0E9D90078457F /* iTunesStore.app */ = {isa = PBXFileReference; explicitFileType = wrapper.application; includeInIndex = 0; path = iTunesStore.app; sourceTree = BUILT_PRODUCTS_DIR; };
		F3A5A21126D0E9D90078457F /* iTunesStoreApp.swift */ = {isa = PBXFileReference; lastKnownFileType = sourcecode.swift; path = iTunesStoreApp.swift; sourceTree = "<group>"; };
		F3A5A21526D0E9DA0078457F /* Assets.xcassets */ = {isa = PBXFileReference; lastKnownFileType = folder.assetcatalog; path = Assets.xcassets; sourceTree = "<group>"; };
		F3A5A21826D0E9DA0078457F /* Preview Assets.xcassets */ = {isa = PBXFileReference; lastKnownFileType = folder.assetcatalog; path = "Preview Assets.xcassets"; sourceTree = "<group>"; };
		F3A5A21A26D0E9DA0078457F /* Persistence.swift */ = {isa = PBXFileReference; lastKnownFileType = sourcecode.swift; path = Persistence.swift; sourceTree = "<group>"; };
		F3A5A21D26D0E9DA0078457F /* iTunesStore.xcdatamodel */ = {isa = PBXFileReference; lastKnownFileType = wrapper.xcdatamodel; path = iTunesStore.xcdatamodel; sourceTree = "<group>"; };
		F3A5A21F26D0E9DA0078457F /* Info.plist */ = {isa = PBXFileReference; lastKnownFileType = text.plist.xml; path = Info.plist; sourceTree = "<group>"; };
		F3A5A22D26D0EC5A0078457F /* AsyncImage.swift */ = {isa = PBXFileReference; fileEncoding = 4; lastKnownFileType = sourcecode.swift; path = AsyncImage.swift; sourceTree = "<group>"; };
		F3A5A22E26D0EC5A0078457F /* ImageCache.swift */ = {isa = PBXFileReference; fileEncoding = 4; lastKnownFileType = sourcecode.swift; path = ImageCache.swift; sourceTree = "<group>"; };
		F3A5A22F26D0EC5A0078457F /* EnvironmentValues+ImageCache.swift */ = {isa = PBXFileReference; fileEncoding = 4; lastKnownFileType = sourcecode.swift; path = "EnvironmentValues+ImageCache.swift"; sourceTree = "<group>"; };
		F3A5A23026D0EC5A0078457F /* ImageLoader.swift */ = {isa = PBXFileReference; fileEncoding = 4; lastKnownFileType = sourcecode.swift; path = ImageLoader.swift; sourceTree = "<group>"; };
		F3A5A23626D0EC800078457F /* HomeView.swift */ = {isa = PBXFileReference; lastKnownFileType = sourcecode.swift; path = HomeView.swift; sourceTree = "<group>"; };
		F3A5A23826D0ED5D0078457F /* MediumCarouselContentView.swift */ = {isa = PBXFileReference; fileEncoding = 4; lastKnownFileType = sourcecode.swift; path = MediumCarouselContentView.swift; sourceTree = "<group>"; };
		F3A5A23926D0ED5D0078457F /* MediumListContentView.swift */ = {isa = PBXFileReference; fileEncoding = 4; lastKnownFileType = sourcecode.swift; path = MediumListContentView.swift; sourceTree = "<group>"; };
		F3A5A23E26D0ED970078457F /* TrackList.swift */ = {isa = PBXFileReference; lastKnownFileType = sourcecode.swift; path = TrackList.swift; sourceTree = "<group>"; };
		F3A5A24026D0F24F0078457F /* DCColor.swift */ = {isa = PBXFileReference; fileEncoding = 4; lastKnownFileType = sourcecode.swift; path = DCColor.swift; sourceTree = "<group>"; };
		F3A5A24126D0F24F0078457F /* DCColors.xcassets */ = {isa = PBXFileReference; lastKnownFileType = folder.assetcatalog; path = DCColors.xcassets; sourceTree = "<group>"; };
		F3A5A24826D0FC3B0078457F /* APIResource.swift */ = {isa = PBXFileReference; lastKnownFileType = sourcecode.swift; path = APIResource.swift; sourceTree = "<group>"; };
		F3A5A24A26D0FCC70078457F /* APIClient.swift */ = {isa = PBXFileReference; lastKnownFileType = sourcecode.swift; path = APIClient.swift; sourceTree = "<group>"; };
		F3A5A24E26D102B20078457F /* MockTrackItems.swift */ = {isa = PBXFileReference; lastKnownFileType = sourcecode.swift; path = MockTrackItems.swift; sourceTree = "<group>"; };
/* End PBXFileReference section */

/* Begin PBXFrameworksBuildPhase section */
		F3A5A20B26D0E9D90078457F /* Frameworks */ = {
			isa = PBXFrameworksBuildPhase;
			buildActionMask = 2147483647;
			files = (
			);
			runOnlyForDeploymentPostprocessing = 0;
		};
/* End PBXFrameworksBuildPhase section */

/* Begin PBXGroup section */
		F30CFAA526D251C300A9A62B /* Extension */ = {
			isa = PBXGroup;
			children = (
				F30CFAA326D251BF00A9A62B /* RecentTrack+Extension.swift */,
				F30CFAA626D2716900A9A62B /* UserDefaults+Extension.swift */,
			);
			path = Extension;
			sourceTree = "<group>";
		};
		F376900626D230FD008EE2CA /* View Model */ = {
			isa = PBXGroup;
			children = (
				F376900726D2311A008EE2CA /* HomeViewModel.swift */,
				F376900B26D2404F008EE2CA /* TrackDetailViewModel.swift */,
			);
			path = "View Model";
			sourceTree = "<group>";
		};
		F394086326D12909002B945C /* Container Views */ = {
			isa = PBXGroup;
			children = (
				F394086426D12931002B945C /* ContentSectionView.swift */,
			);
			path = "Container Views";
			sourceTree = "<group>";
		};
		F3A5A20526D0E9D90078457F = {
			isa = PBXGroup;
			children = (
				F3A5A21026D0E9D90078457F /* iTunesStore */,
				F3A5A20F26D0E9D90078457F /* Products */,
			);
			sourceTree = "<group>";
		};
		F3A5A20F26D0E9D90078457F /* Products */ = {
			isa = PBXGroup;
			children = (
				F3A5A20E26D0E9D90078457F /* iTunesStore.app */,
			);
			name = Products;
			sourceTree = "<group>";
		};
		F3A5A21026D0E9D90078457F /* iTunesStore */ = {
			isa = PBXGroup;
			children = (
				F3A5A22626D0EA540078457F /* Main */,
				F3A5A23D26D0ED820078457F /* Model */,
				F3A5A22726D0EA5E0078457F /* View */,
				F376900626D230FD008EE2CA /* View Model */,
				F3A5A25026D103F80078457F /* Preview Data */,
				F3A5A24726D0FC280078457F /* Network */,
				F3A5A22C26D0EC210078457F /* Helpers */,
				F30CFAA526D251C300A9A62B /* Extension */,
				F3A5A22526D0EA430078457F /* Resources */,
				F3A5A21F26D0E9DA0078457F /* Info.plist */,
				F3A5A21726D0E9DA0078457F /* Preview Content */,
			);
			path = iTunesStore;
			sourceTree = "<group>";
		};
		F3A5A21726D0E9DA0078457F /* Preview Content */ = {
			isa = PBXGroup;
			children = (
				F3A5A21826D0E9DA0078457F /* Preview Assets.xcassets */,
			);
			path = "Preview Content";
			sourceTree = "<group>";
		};
		F3A5A22526D0EA430078457F /* Resources */ = {
			isa = PBXGroup;
			children = (
				F3A5A24426D0F2600078457F /* Color */,
				F3A5A24526D0F2700078457F /* Image */,
				F3A5A21C26D0E9DA0078457F /* iTunesStore.xcdatamodeld */,
			);
			path = Resources;
			sourceTree = "<group>";
		};
		F3A5A22626D0EA540078457F /* Main */ = {
			isa = PBXGroup;
			children = (
				F3A5A21126D0E9D90078457F /* iTunesStoreApp.swift */,
				F3A5A21A26D0E9DA0078457F /* Persistence.swift */,
			);
			path = Main;
			sourceTree = "<group>";
		};
		F3A5A22726D0EA5E0078457F /* View */ = {
			isa = PBXGroup;
			children = (
				F3A5A23C26D0ED610078457F /* Card Views */,
				F394086326D12909002B945C /* Container Views */,
				F3A5A24626D0FB120078457F /* Screen Views */,
			);
			path = View;
			sourceTree = "<group>";
		};
		F3A5A22C26D0EC210078457F /* Helpers */ = {
			isa = PBXGroup;
			children = (
				F3A5A23526D0EC640078457F /* AsyncImage */,
			);
			path = Helpers;
			sourceTree = "<group>";
		};
		F3A5A23526D0EC640078457F /* AsyncImage */ = {
			isa = PBXGroup;
			children = (
				F3A5A22D26D0EC5A0078457F /* AsyncImage.swift */,
				F3A5A22F26D0EC5A0078457F /* EnvironmentValues+ImageCache.swift */,
				F3A5A22E26D0EC5A0078457F /* ImageCache.swift */,
				F3A5A23026D0EC5A0078457F /* ImageLoader.swift */,
			);
			path = AsyncImage;
			sourceTree = "<group>";
		};
		F3A5A23C26D0ED610078457F /* Card Views */ = {
			isa = PBXGroup;
			children = (
				F3A5A23826D0ED5D0078457F /* MediumCarouselContentView.swift */,
				F3A5A23926D0ED5D0078457F /* MediumListContentView.swift */,
			);
			path = "Card Views";
			sourceTree = "<group>";
		};
		F3A5A23D26D0ED820078457F /* Model */ = {
			isa = PBXGroup;
			children = (
				F3A5A23E26D0ED970078457F /* TrackList.swift */,
				F394086626D13E20002B945C /* ContentSection.swift */,
			);
			path = Model;
			sourceTree = "<group>";
		};
		F3A5A24426D0F2600078457F /* Color */ = {
			isa = PBXGroup;
			children = (
				F3A5A24026D0F24F0078457F /* DCColor.swift */,
				F3A5A24126D0F24F0078457F /* DCColors.xcassets */,
			);
			path = Color;
			sourceTree = "<group>";
		};
		F3A5A24526D0F2700078457F /* Image */ = {
			isa = PBXGroup;
			children = (
				F3A5A21526D0E9DA0078457F /* Assets.xcassets */,
			);
			path = Image;
			sourceTree = "<group>";
		};
		F3A5A24626D0FB120078457F /* Screen Views */ = {
			isa = PBXGroup;
			children = (
				F3A5A23626D0EC800078457F /* HomeView.swift */,
				F376900926D23B4B008EE2CA /* TrackDetailView.swift */,
			);
			path = "Screen Views";
			sourceTree = "<group>";
		};
		F3A5A24726D0FC280078457F /* Network */ = {
			isa = PBXGroup;
			children = (
				F3A5A24826D0FC3B0078457F /* APIResource.swift */,
				F3A5A24A26D0FCC70078457F /* APIClient.swift */,
			);
			path = Network;
			sourceTree = "<group>";
		};
		F3A5A25026D103F80078457F /* Preview Data */ = {
			isa = PBXGroup;
			children = (
				F3A5A24E26D102B20078457F /* MockTrackItems.swift */,
			);
			path = "Preview Data";
			sourceTree = "<group>";
		};
/* End PBXGroup section */

/* Begin PBXNativeTarget section */
		F3A5A20D26D0E9D90078457F /* iTunesStore */ = {
			isa = PBXNativeTarget;
			buildConfigurationList = F3A5A22226D0E9DA0078457F /* Build configuration list for PBXNativeTarget "iTunesStore" */;
			buildPhases = (
				F3A5A20A26D0E9D90078457F /* Sources */,
				F3A5A20B26D0E9D90078457F /* Frameworks */,
				F3A5A20C26D0E9D90078457F /* Resources */,
			);
			buildRules = (
			);
			dependencies = (
			);
			name = iTunesStore;
			productName = iTunesStore;
			productReference = F3A5A20E26D0E9D90078457F /* iTunesStore.app */;
			productType = "com.apple.product-type.application";
		};
/* End PBXNativeTarget section */

/* Begin PBXProject section */
		F3A5A20626D0E9D90078457F /* Project object */ = {
			isa = PBXProject;
			attributes = {
				LastSwiftUpdateCheck = 1250;
				LastUpgradeCheck = 1250;
				TargetAttributes = {
					F3A5A20D26D0E9D90078457F = {
						CreatedOnToolsVersion = 12.5.1;
					};
				};
			};
			buildConfigurationList = F3A5A20926D0E9D90078457F /* Build configuration list for PBXProject "iTunesStore" */;
			compatibilityVersion = "Xcode 9.3";
			developmentRegion = en;
			hasScannedForEncodings = 0;
			knownRegions = (
				en,
				Base,
			);
			mainGroup = F3A5A20526D0E9D90078457F;
			productRefGroup = F3A5A20F26D0E9D90078457F /* Products */;
			projectDirPath = "";
			projectRoot = "";
			targets = (
				F3A5A20D26D0E9D90078457F /* iTunesStore */,
			);
		};
/* End PBXProject section */

/* Begin PBXResourcesBuildPhase section */
		F3A5A20C26D0E9D90078457F /* Resources */ = {
			isa = PBXResourcesBuildPhase;
			buildActionMask = 2147483647;
			files = (
				F3A5A21926D0E9DA0078457F /* Preview Assets.xcassets in Resources */,
				F3A5A21626D0E9DA0078457F /* Assets.xcassets in Resources */,
				F3A5A24326D0F24F0078457F /* DCColors.xcassets in Resources */,
			);
			runOnlyForDeploymentPostprocessing = 0;
		};
/* End PBXResourcesBuildPhase section */

/* Begin PBXSourcesBuildPhase section */
		F3A5A20A26D0E9D90078457F /* Sources */ = {
			isa = PBXSourcesBuildPhase;
			buildActionMask = 2147483647;
			files = (
				F376900826D2311A008EE2CA /* HomeViewModel.swift in Sources */,
				F3A5A24F26D102B20078457F /* MockTrackItems.swift in Sources */,
				F3A5A23B26D0ED5E0078457F /* MediumListContentView.swift in Sources */,
				F376900A26D23B4B008EE2CA /* TrackDetailView.swift in Sources */,
				F30CFAA426D251BF00A9A62B /* RecentTrack+Extension.swift in Sources */,
				F3A5A23726D0EC800078457F /* HomeView.swift in Sources */,
				F3A5A24226D0F24F0078457F /* DCColor.swift in Sources */,
				F3A5A23226D0EC5A0078457F /* ImageCache.swift in Sources */,
				F3A5A24926D0FC3B0078457F /* APIResource.swift in Sources */,
				F3A5A23126D0EC5A0078457F /* AsyncImage.swift in Sources */,
				F3A5A23326D0EC5A0078457F /* EnvironmentValues+ImageCache.swift in Sources */,
				F3A5A21B26D0E9DA0078457F /* Persistence.swift in Sources */,
				F3A5A24B26D0FCC70078457F /* APIClient.swift in Sources */,
				F3A5A23F26D0ED970078457F /* TrackList.swift in Sources */,
				F30CFAA726D2716900A9A62B /* UserDefaults+Extension.swift in Sources */,
				F394086726D13E20002B945C /* ContentSection.swift in Sources */,
				F3A5A23A26D0ED5E0078457F /* MediumCarouselContentView.swift in Sources */,
				F3A5A21E26D0E9DA0078457F /* iTunesStore.xcdatamodeld in Sources */,
				F394086526D12931002B945C /* ContentSectionView.swift in Sources */,
				F376900C26D2404F008EE2CA /* TrackDetailViewModel.swift in Sources */,
				F3A5A23426D0EC5A0078457F /* ImageLoader.swift in Sources */,
				F3A5A21226D0E9D90078457F /* iTunesStoreApp.swift in Sources */,
			);
			runOnlyForDeploymentPostprocessing = 0;
		};
/* End PBXSourcesBuildPhase section */

/* Begin XCBuildConfiguration section */
		F3A5A22026D0E9DA0078457F /* Debug */ = {
			isa = XCBuildConfiguration;
			buildSettings = {
				ALWAYS_SEARCH_USER_PATHS = NO;
				CLANG_ANALYZER_NONNULL = YES;
				CLANG_ANALYZER_NUMBER_OBJECT_CONVERSION = YES_AGGRESSIVE;
				CLANG_CXX_LANGUAGE_STANDARD = "gnu++14";
				CLANG_CXX_LIBRARY = "libc++";
				CLANG_ENABLE_MODULES = YES;
				CLANG_ENABLE_OBJC_ARC = YES;
				CLANG_ENABLE_OBJC_WEAK = YES;
				CLANG_WARN_BLOCK_CAPTURE_AUTORELEASING = YES;
				CLANG_WARN_BOOL_CONVERSION = YES;
				CLANG_WARN_COMMA = YES;
				CLANG_WARN_CONSTANT_CONVERSION = YES;
				CLANG_WARN_DEPRECATED_OBJC_IMPLEMENTATIONS = YES;
				CLANG_WARN_DIRECT_OBJC_ISA_USAGE = YES_ERROR;
				CLANG_WARN_DOCUMENTATION_COMMENTS = YES;
				CLANG_WARN_EMPTY_BODY = YES;
				CLANG_WARN_ENUM_CONVERSION = YES;
				CLANG_WARN_INFINITE_RECURSION = YES;
				CLANG_WARN_INT_CONVERSION = YES;
				CLANG_WARN_NON_LITERAL_NULL_CONVERSION = YES;
				CLANG_WARN_OBJC_IMPLICIT_RETAIN_SELF = YES;
				CLANG_WARN_OBJC_LITERAL_CONVERSION = YES;
				CLANG_WARN_OBJC_ROOT_CLASS = YES_ERROR;
				CLANG_WARN_QUOTED_INCLUDE_IN_FRAMEWORK_HEADER = YES;
				CLANG_WARN_RANGE_LOOP_ANALYSIS = YES;
				CLANG_WARN_STRICT_PROTOTYPES = YES;
				CLANG_WARN_SUSPICIOUS_MOVE = YES;
				CLANG_WARN_UNGUARDED_AVAILABILITY = YES_AGGRESSIVE;
				CLANG_WARN_UNREACHABLE_CODE = YES;
				CLANG_WARN__DUPLICATE_METHOD_MATCH = YES;
				COPY_PHASE_STRIP = NO;
				DEBUG_INFORMATION_FORMAT = dwarf;
				ENABLE_STRICT_OBJC_MSGSEND = YES;
				ENABLE_TESTABILITY = YES;
				GCC_C_LANGUAGE_STANDARD = gnu11;
				GCC_DYNAMIC_NO_PIC = NO;
				GCC_NO_COMMON_BLOCKS = YES;
				GCC_OPTIMIZATION_LEVEL = 0;
				GCC_PREPROCESSOR_DEFINITIONS = (
					"DEBUG=1",
					"$(inherited)",
				);
				GCC_WARN_64_TO_32_BIT_CONVERSION = YES;
				GCC_WARN_ABOUT_RETURN_TYPE = YES_ERROR;
				GCC_WARN_UNDECLARED_SELECTOR = YES;
				GCC_WARN_UNINITIALIZED_AUTOS = YES_AGGRESSIVE;
				GCC_WARN_UNUSED_FUNCTION = YES;
				GCC_WARN_UNUSED_VARIABLE = YES;
				IPHONEOS_DEPLOYMENT_TARGET = 14.5;
				MTL_ENABLE_DEBUG_INFO = INCLUDE_SOURCE;
				MTL_FAST_MATH = YES;
				ONLY_ACTIVE_ARCH = YES;
				SDKROOT = iphoneos;
				SWIFT_ACTIVE_COMPILATION_CONDITIONS = DEBUG;
				SWIFT_OPTIMIZATION_LEVEL = "-Onone";
			};
			name = Debug;
		};
		F3A5A22126D0E9DA0078457F /* Release */ = {
			isa = XCBuildConfiguration;
			buildSettings = {
				ALWAYS_SEARCH_USER_PATHS = NO;
				CLANG_ANALYZER_NONNULL = YES;
				CLANG_ANALYZER_NUMBER_OBJECT_CONVERSION = YES_AGGRESSIVE;
				CLANG_CXX_LANGUAGE_STANDARD = "gnu++14";
				CLANG_CXX_LIBRARY = "libc++";
				CLANG_ENABLE_MODULES = YES;
				CLANG_ENABLE_OBJC_ARC = YES;
				CLANG_ENABLE_OBJC_WEAK = YES;
				CLANG_WARN_BLOCK_CAPTURE_AUTORELEASING = YES;
				CLANG_WARN_BOOL_CONVERSION = YES;
				CLANG_WARN_COMMA = YES;
				CLANG_WARN_CONSTANT_CONVERSION = YES;
				CLANG_WARN_DEPRECATED_OBJC_IMPLEMENTATIONS = YES;
				CLANG_WARN_DIRECT_OBJC_ISA_USAGE = YES_ERROR;
				CLANG_WARN_DOCUMENTATION_COMMENTS = YES;
				CLANG_WARN_EMPTY_BODY = YES;
				CLANG_WARN_ENUM_CONVERSION = YES;
				CLANG_WARN_INFINITE_RECURSION = YES;
				CLANG_WARN_INT_CONVERSION = YES;
				CLANG_WARN_NON_LITERAL_NULL_CONVERSION = YES;
				CLANG_WARN_OBJC_IMPLICIT_RETAIN_SELF = YES;
				CLANG_WARN_OBJC_LITERAL_CONVERSION = YES;
				CLANG_WARN_OBJC_ROOT_CLASS = YES_ERROR;
				CLANG_WARN_QUOTED_INCLUDE_IN_FRAMEWORK_HEADER = YES;
				CLANG_WARN_RANGE_LOOP_ANALYSIS = YES;
				CLANG_WARN_STRICT_PROTOTYPES = YES;
				CLANG_WARN_SUSPICIOUS_MOVE = YES;
				CLANG_WARN_UNGUARDED_AVAILABILITY = YES_AGGRESSIVE;
				CLANG_WARN_UNREACHABLE_CODE = YES;
				CLANG_WARN__DUPLICATE_METHOD_MATCH = YES;
				COPY_PHASE_STRIP = NO;
				DEBUG_INFORMATION_FORMAT = "dwarf-with-dsym";
				ENABLE_NS_ASSERTIONS = NO;
				ENABLE_STRICT_OBJC_MSGSEND = YES;
				GCC_C_LANGUAGE_STANDARD = gnu11;
				GCC_NO_COMMON_BLOCKS = YES;
				GCC_WARN_64_TO_32_BIT_CONVERSION = YES;
				GCC_WARN_ABOUT_RETURN_TYPE = YES_ERROR;
				GCC_WARN_UNDECLARED_SELECTOR = YES;
				GCC_WARN_UNINITIALIZED_AUTOS = YES_AGGRESSIVE;
				GCC_WARN_UNUSED_FUNCTION = YES;
				GCC_WARN_UNUSED_VARIABLE = YES;
				IPHONEOS_DEPLOYMENT_TARGET = 14.5;
				MTL_ENABLE_DEBUG_INFO = NO;
				MTL_FAST_MATH = YES;
				SDKROOT = iphoneos;
				SWIFT_COMPILATION_MODE = wholemodule;
				SWIFT_OPTIMIZATION_LEVEL = "-O";
				VALIDATE_PRODUCT = YES;
			};
			name = Release;
		};
		F3A5A22326D0E9DA0078457F /* Debug */ = {
			isa = XCBuildConfiguration;
			buildSettings = {
				ASSETCATALOG_COMPILER_APPICON_NAME = AppIcon;
				ASSETCATALOG_COMPILER_GLOBAL_ACCENT_COLOR_NAME = AccentColor;
				CODE_SIGN_STYLE = Automatic;
				DEVELOPMENT_ASSET_PATHS = "\"iTunesStore/Preview Content\"";
				DEVELOPMENT_TEAM = F3W99SN6W6;
				ENABLE_PREVIEWS = YES;
				INFOPLIST_FILE = iTunesStore/Info.plist;
				IPHONEOS_DEPLOYMENT_TARGET = 14.0;
				LD_RUNPATH_SEARCH_PATHS = (
					"$(inherited)",
					"@executable_path/Frameworks",
				);
				PRODUCT_BUNDLE_IDENTIFIER = com.jangoes.iTunesStore;
				PRODUCT_NAME = "$(TARGET_NAME)";
				SWIFT_VERSION = 5.0;
				TARGETED_DEVICE_FAMILY = "1,2";
			};
			name = Debug;
		};
		F3A5A22426D0E9DA0078457F /* Release */ = {
			isa = XCBuildConfiguration;
			buildSettings = {
				ASSETCATALOG_COMPILER_APPICON_NAME = AppIcon;
				ASSETCATALOG_COMPILER_GLOBAL_ACCENT_COLOR_NAME = AccentColor;
				CODE_SIGN_STYLE = Automatic;
				DEVELOPMENT_ASSET_PATHS = "\"iTunesStore/Preview Content\"";
				DEVELOPMENT_TEAM = F3W99SN6W6;
				ENABLE_PREVIEWS = YES;
				INFOPLIST_FILE = iTunesStore/Info.plist;
				IPHONEOS_DEPLOYMENT_TARGET = 14.0;
				LD_RUNPATH_SEARCH_PATHS = (
					"$(inherited)",
					"@executable_path/Frameworks",
				);
				PRODUCT_BUNDLE_IDENTIFIER = com.jangoes.iTunesStore;
				PRODUCT_NAME = "$(TARGET_NAME)";
				SWIFT_VERSION = 5.0;
				TARGETED_DEVICE_FAMILY = "1,2";
			};
			name = Release;
		};
/* End XCBuildConfiguration section */

/* Begin XCConfigurationList section */
		F3A5A20926D0E9D90078457F /* Build configuration list for PBXProject "iTunesStore" */ = {
			isa = XCConfigurationList;
			buildConfigurations = (
				F3A5A22026D0E9DA0078457F /* Debug */,
				F3A5A22126D0E9DA0078457F /* Release */,
			);
			defaultConfigurationIsVisible = 0;
			defaultConfigurationName = Release;
		};
		F3A5A22226D0E9DA0078457F /* Build configuration list for PBXNativeTarget "iTunesStore" */ = {
			isa = XCConfigurationList;
			buildConfigurations = (
				F3A5A22326D0E9DA0078457F /* Debug */,
				F3A5A22426D0E9DA0078457F /* Release */,
			);
			defaultConfigurationIsVisible = 0;
			defaultConfigurationName = Release;
		};
/* End XCConfigurationList section */

/* Begin XCVersionGroup section */
		F3A5A21C26D0E9DA0078457F /* iTunesStore.xcdatamodeld */ = {
			isa = XCVersionGroup;
			children = (
				F3A5A21D26D0E9DA0078457F /* iTunesStore.xcdatamodel */,
			);
			currentVersion = F3A5A21D26D0E9DA0078457F /* iTunesStore.xcdatamodel */;
			path = iTunesStore.xcdatamodeld;
			sourceTree = "<group>";
			versionGroupType = wrapper.xcdatamodel;
		};
/* End XCVersionGroup section */
	};
	rootObject = F3A5A20626D0E9D90078457F /* Project object */;
}
